// !$*UTF8*$!
{
	archiveVersion = 1;
	classes = {
	};
	objectVersion = 46;
	objects = {

/* Begin PBXBuildFile section */
		EC197DE9167FB04300AFFE5F /* Default-568h@2x.png in Resources */ = {isa = PBXBuildFile; fileRef = EC197DE8167FB04300AFFE5F /* Default-568h@2x.png */; };
		EC35031815A358BE0044F27F /* AppDelegate.m in Sources */ = {isa = PBXBuildFile; fileRef = EC35031215A358BE0044F27F /* AppDelegate.m */; };
		EC35031915A358BE0044F27F /* main.m in Sources */ = {isa = PBXBuildFile; fileRef = EC35031415A358BE0044F27F /* main.m */; };
		EC35031A15A358BE0044F27F /* ViewController.m in Sources */ = {isa = PBXBuildFile; fileRef = EC35031615A358BE0044F27F /* ViewController.m */; };
		EC35031B15A358BE0044F27F /* ViewController.xib in Resources */ = {isa = PBXBuildFile; fileRef = EC35031715A358BE0044F27F /* ViewController.xib */; };
		EC76F56F15A1EFD100EBDC76 /* UIKit.framework in Frameworks */ = {isa = PBXBuildFile; fileRef = EC76F56E15A1EFD100EBDC76 /* UIKit.framework */; };
		EC76F57115A1EFD100EBDC76 /* Foundation.framework in Frameworks */ = {isa = PBXBuildFile; fileRef = EC76F57015A1EFD100EBDC76 /* Foundation.framework */; };
		EC76F57315A1EFD100EBDC76 /* CoreGraphics.framework in Frameworks */ = {isa = PBXBuildFile; fileRef = EC76F57215A1EFD100EBDC76 /* CoreGraphics.framework */; };
		EC76F59215A2032E00EBDC76 /* FSN_categories.m in Sources */ = {isa = PBXBuildFile; fileRef = EC76F58D15A2032E00EBDC76 /* FSN_categories.m */; };
		EC76F59315A2032E00EBDC76 /* FSNConnection.m in Sources */ = {isa = PBXBuildFile; fileRef = EC76F58F15A2032E00EBDC76 /* FSNConnection.m */; };
		EC76F59415A2032E00EBDC76 /* FSNData.m in Sources */ = {isa = PBXBuildFile; fileRef = EC76F59115A2032E00EBDC76 /* FSNData.m */; };
/* End PBXBuildFile section */

/* Begin PBXFileReference section */
		EC197DE8167FB04300AFFE5F /* Default-568h@2x.png */ = {isa = PBXFileReference; lastKnownFileType = image.png; path = "Default-568h@2x.png"; sourceTree = "<group>"; };
		EC2B34B715AE409100292F41 /* FSNDemo-iOS-Prefix.pch */ = {isa = PBXFileReference; fileEncoding = 4; lastKnownFileType = sourcecode.c.h; path = "FSNDemo-iOS-Prefix.pch"; sourceTree = "<group>"; };
		EC35031115A358BE0044F27F /* AppDelegate.h */ = {isa = PBXFileReference; fileEncoding = 4; lastKnownFileType = sourcecode.c.h; path = AppDelegate.h; sourceTree = "<group>"; };
		EC35031215A358BE0044F27F /* AppDelegate.m */ = {isa = PBXFileReference; fileEncoding = 4; lastKnownFileType = sourcecode.c.objc; path = AppDelegate.m; sourceTree = "<group>"; };
		EC35031415A358BE0044F27F /* main.m */ = {isa = PBXFileReference; fileEncoding = 4; lastKnownFileType = sourcecode.c.objc; path = main.m; sourceTree = "<group>"; };
		EC35031515A358BE0044F27F /* ViewController.h */ = {isa = PBXFileReference; fileEncoding = 4; lastKnownFileType = sourcecode.c.h; path = ViewController.h; sourceTree = "<group>"; };
		EC35031615A358BE0044F27F /* ViewController.m */ = {isa = PBXFileReference; fileEncoding = 4; lastKnownFileType = sourcecode.c.objc; path = ViewController.m; sourceTree = "<group>"; };
		EC35031715A358BE0044F27F /* ViewController.xib */ = {isa = PBXFileReference; fileEncoding = 4; lastKnownFileType = file.xib; path = ViewController.xib; sourceTree = "<group>"; };
		EC76F56A15A1EFD100EBDC76 /* FSNDemo-iOS.app */ = {isa = PBXFileReference; explicitFileType = wrapper.application; includeInIndex = 0; path = "FSNDemo-iOS.app"; sourceTree = BUILT_PRODUCTS_DIR; };
		EC76F56E15A1EFD100EBDC76 /* UIKit.framework */ = {isa = PBXFileReference; lastKnownFileType = wrapper.framework; name = UIKit.framework; path = System/Library/Frameworks/UIKit.framework; sourceTree = SDKROOT; };
		EC76F57015A1EFD100EBDC76 /* Foundation.framework */ = {isa = PBXFileReference; lastKnownFileType = wrapper.framework; name = Foundation.framework; path = System/Library/Frameworks/Foundation.framework; sourceTree = SDKROOT; };
		EC76F57215A1EFD100EBDC76 /* CoreGraphics.framework */ = {isa = PBXFileReference; lastKnownFileType = wrapper.framework; name = CoreGraphics.framework; path = System/Library/Frameworks/CoreGraphics.framework; sourceTree = SDKROOT; };
		EC76F58C15A2032E00EBDC76 /* FSN_categories.h */ = {isa = PBXFileReference; fileEncoding = 4; lastKnownFileType = sourcecode.c.h; path = FSN_categories.h; sourceTree = "<group>"; };
		EC76F58D15A2032E00EBDC76 /* FSN_categories.m */ = {isa = PBXFileReference; fileEncoding = 4; lastKnownFileType = sourcecode.c.objc; path = FSN_categories.m; sourceTree = "<group>"; };
		EC76F58E15A2032E00EBDC76 /* FSNConnection.h */ = {isa = PBXFileReference; fileEncoding = 4; lastKnownFileType = sourcecode.c.h; path = FSNConnection.h; sourceTree = "<group>"; };
		EC76F58F15A2032E00EBDC76 /* FSNConnection.m */ = {isa = PBXFileReference; fileEncoding = 4; lastKnownFileType = sourcecode.c.objc; path = FSNConnection.m; sourceTree = "<group>"; };
		EC76F59015A2032E00EBDC76 /* FSNData.h */ = {isa = PBXFileReference; fileEncoding = 4; lastKnownFileType = sourcecode.c.h; path = FSNData.h; sourceTree = "<group>"; };
		EC76F59115A2032E00EBDC76 /* FSNData.m */ = {isa = PBXFileReference; fileEncoding = 4; lastKnownFileType = sourcecode.c.objc; path = FSNData.m; sourceTree = "<group>"; };
		ECF0921F15B4D011001458C7 /* FSNDemo-iOS-Info.plist */ = {isa = PBXFileReference; fileEncoding = 4; lastKnownFileType = text.plist.xml; path = "FSNDemo-iOS-Info.plist"; sourceTree = SOURCE_ROOT; };
		ECF5C3DE15A36F43009D4013 /* license.txt */ = {isa = PBXFileReference; lastKnownFileType = text; name = license.txt; path = ../license.txt; sourceTree = "<group>"; };
		ECF5C3DF15A36F43009D4013 /* README.md */ = {isa = PBXFileReference; lastKnownFileType = text; name = README.md; path = ../README.md; sourceTree = "<group>"; };
/* End PBXFileReference section */

/* Begin PBXFrameworksBuildPhase section */
		EC76F56715A1EFD100EBDC76 /* Frameworks */ = {
			isa = PBXFrameworksBuildPhase;
			buildActionMask = 2147483647;
			files = (
				EC76F56F15A1EFD100EBDC76 /* UIKit.framework in Frameworks */,
				EC76F57115A1EFD100EBDC76 /* Foundation.framework in Frameworks */,
				EC76F57315A1EFD100EBDC76 /* CoreGraphics.framework in Frameworks */,
			);
			runOnlyForDeploymentPostprocessing = 0;
		};
/* End PBXFrameworksBuildPhase section */

/* Begin PBXGroup section */
		EC35030B15A358A10044F27F /* FSNDemo-iOS */ = {
			isa = PBXGroup;
			children = (
				ECF0921F15B4D011001458C7 /* FSNDemo-iOS-Info.plist */,
				EC35031015A358BE0044F27F /* src */,
			);
			name = "FSNDemo-iOS";
			path = ../src;
			sourceTree = "<group>";
		};
		EC35031015A358BE0044F27F /* src */ = {
			isa = PBXGroup;
			children = (
				EC35031115A358BE0044F27F /* AppDelegate.h */,
				EC35031215A358BE0044F27F /* AppDelegate.m */,
				EC2B34B715AE409100292F41 /* FSNDemo-iOS-Prefix.pch */,
				EC35031415A358BE0044F27F /* main.m */,
				EC35031515A358BE0044F27F /* ViewController.h */,
				EC35031615A358BE0044F27F /* ViewController.m */,
				EC35031715A358BE0044F27F /* ViewController.xib */,
			);
			path = src;
			sourceTree = SOURCE_ROOT;
		};
		EC76F55F15A1EFD100EBDC76 = {
			isa = PBXGroup;
			children = (
				EC197DE8167FB04300AFFE5F /* Default-568h@2x.png */,
				EC35030B15A358A10044F27F /* FSNDemo-iOS */,
				ECF5C3DE15A36F43009D4013 /* license.txt */,
				ECF5C3DF15A36F43009D4013 /* README.md */,
				EC76F58B15A2032E00EBDC76 /* src */,
				EC76F56D15A1EFD100EBDC76 /* Frameworks */,
				EC76F56B15A1EFD100EBDC76 /* Products */,
			);
			sourceTree = "<group>";
		};
		EC76F56B15A1EFD100EBDC76 /* Products */ = {
			isa = PBXGroup;
			children = (
				EC76F56A15A1EFD100EBDC76 /* FSNDemo-iOS.app */,
			);
			name = Products;
			sourceTree = "<group>";
		};
		EC76F56D15A1EFD100EBDC76 /* Frameworks */ = {
			isa = PBXGroup;
			children = (
				EC76F56E15A1EFD100EBDC76 /* UIKit.framework */,
				EC76F57015A1EFD100EBDC76 /* Foundation.framework */,
				EC76F57215A1EFD100EBDC76 /* CoreGraphics.framework */,
			);
			name = Frameworks;
			sourceTree = "<group>";
		};
		EC76F58B15A2032E00EBDC76 /* src */ = {
			isa = PBXGroup;
			children = (
				EC76F58C15A2032E00EBDC76 /* FSN_categories.h */,
				EC76F58D15A2032E00EBDC76 /* FSN_categories.m */,
				EC76F58E15A2032E00EBDC76 /* FSNConnection.h */,
				EC76F58F15A2032E00EBDC76 /* FSNConnection.m */,
				EC76F59015A2032E00EBDC76 /* FSNData.h */,
				EC76F59115A2032E00EBDC76 /* FSNData.m */,
			);
			name = src;
			path = ../src;
			sourceTree = "<group>";
		};
/* End PBXGroup section */

/* Begin PBXNativeTarget section */
		EC76F56915A1EFD100EBDC76 /* FSNDemo-iOS */ = {
			isa = PBXNativeTarget;
			buildConfigurationList = EC76F58815A1EFD100EBDC76 /* Build configuration list for PBXNativeTarget "FSNDemo-iOS" */;
			buildPhases = (
				EC76F56615A1EFD100EBDC76 /* Sources */,
				EC76F56715A1EFD100EBDC76 /* Frameworks */,
				EC76F56815A1EFD100EBDC76 /* Resources */,
			);
			buildRules = (
			);
			dependencies = (
			);
			name = "FSNDemo-iOS";
			productName = "FSNDemo-iOS";
			productReference = EC76F56A15A1EFD100EBDC76 /* FSNDemo-iOS.app */;
			productType = "com.apple.product-type.application";
		};
/* End PBXNativeTarget section */

/* Begin PBXProject section */
		EC76F56115A1EFD100EBDC76 /* Project object */ = {
			isa = PBXProject;
			attributes = {
				LastUpgradeCheck = 0430;
			};
			buildConfigurationList = EC76F56415A1EFD100EBDC76 /* Build configuration list for PBXProject "FSNDemo-iOS" */;
			compatibilityVersion = "Xcode 3.2";
			developmentRegion = English;
			hasScannedForEncodings = 0;
			knownRegions = (
				en,
			);
			mainGroup = EC76F55F15A1EFD100EBDC76;
			productRefGroup = EC76F56B15A1EFD100EBDC76 /* Products */;
			projectDirPath = "";
			projectRoot = "";
			targets = (
				EC76F56915A1EFD100EBDC76 /* FSNDemo-iOS */,
			);
		};
/* End PBXProject section */

/* Begin PBXResourcesBuildPhase section */
		EC76F56815A1EFD100EBDC76 /* Resources */ = {
			isa = PBXResourcesBuildPhase;
			buildActionMask = 2147483647;
			files = (
				EC35031B15A358BE0044F27F /* ViewController.xib in Resources */,
				EC197DE9167FB04300AFFE5F /* Default-568h@2x.png in Resources */,
			);
			runOnlyForDeploymentPostprocessing = 0;
		};
/* End PBXResourcesBuildPhase section */

/* Begin PBXSourcesBuildPhase section */
		EC76F56615A1EFD100EBDC76 /* Sources */ = {
			isa = PBXSourcesBuildPhase;
			buildActionMask = 2147483647;
			files = (
				EC76F59215A2032E00EBDC76 /* FSN_categories.m in Sources */,
				EC76F59315A2032E00EBDC76 /* FSNConnection.m in Sources */,
				EC76F59415A2032E00EBDC76 /* FSNData.m in Sources */,
				EC35031815A358BE0044F27F /* AppDelegate.m in Sources */,
				EC35031915A358BE0044F27F /* main.m in Sources */,
				EC35031A15A358BE0044F27F /* ViewController.m in Sources */,
			);
			runOnlyForDeploymentPostprocessing = 0;
		};
/* End PBXSourcesBuildPhase section */

/* Begin XCBuildConfiguration section */
		EC76F58615A1EFD100EBDC76 /* Debug */ = {
			isa = XCBuildConfiguration;
			buildSettings = {
				ALWAYS_SEARCH_USER_PATHS = NO;
				ARCHS = "$(ARCHS_STANDARD_32_BIT)";
				COPY_PHASE_STRIP = NO;
				GCC_C_LANGUAGE_STANDARD = gnu99;
				GCC_DYNAMIC_NO_PIC = NO;
				GCC_OPTIMIZATION_LEVEL = 0;
				GCC_PREPROCESSOR_DEFINITIONS = (
					"DEBUG=1",
					"$(inherited)",
				);
				GCC_SYMBOLS_PRIVATE_EXTERN = NO;
				GCC_VERSION = "";
				GCC_WARN_ABOUT_RETURN_TYPE = YES;
				GCC_WARN_UNINITIALIZED_AUTOS = YES;
				GCC_WARN_UNUSED_VARIABLE = YES;
				IPHONEOS_DEPLOYMENT_TARGET = 5.1;
				SDKROOT = iphoneos;
			};
			name = Debug;
		};
		EC76F58715A1EFD100EBDC76 /* Release */ = {
			isa = XCBuildConfiguration;
			buildSettings = {
				ALWAYS_SEARCH_USER_PATHS = NO;
				ARCHS = "$(ARCHS_STANDARD_32_BIT)";
				COPY_PHASE_STRIP = YES;
				GCC_C_LANGUAGE_STANDARD = gnu99;
				GCC_VERSION = "";
				GCC_WARN_ABOUT_RETURN_TYPE = YES;
				GCC_WARN_UNINITIALIZED_AUTOS = YES;
				GCC_WARN_UNUSED_VARIABLE = YES;
				IPHONEOS_DEPLOYMENT_TARGET = 5.1;
				OTHER_CFLAGS = "-DNS_BLOCK_ASSERTIONS=1";
				SDKROOT = iphoneos;
				VALIDATE_PRODUCT = YES;
			};
			name = Release;
		};
		EC76F58915A1EFD100EBDC76 /* Debug */ = {
			isa = XCBuildConfiguration;
			buildSettings = {
				CLANG_ENABLE_OBJC_ARC = YES;
				GCC_PRECOMPILE_PREFIX_HEADER = YES;
				GCC_PREFIX_HEADER = "src/FSNDemo-iOS-Prefix.pch";
				GCC_VERSION = com.apple.compilers.llvm.clang.1_0;
				INFOPLIST_FILE = "FSNDemo-iOS-Info.plist";
				PRODUCT_NAME = "$(TARGET_NAME)";
				WRAPPER_EXTENSION = app;
			};
			name = Debug;
		};
		EC76F58A15A1EFD100EBDC76 /* Release */ = {
			isa = XCBuildConfiguration;
			buildSettings = {
				CLANG_ENABLE_OBJC_ARC = YES;
				GCC_PRECOMPILE_PREFIX_HEADER = YES;
				GCC_PREFIX_HEADER = "src/FSNDemo-iOS-Prefix.pch";
				GCC_VERSION = com.apple.compilers.llvm.clang.1_0;
				INFOPLIST_FILE = "FSNDemo-iOS-Info.plist";
				PRODUCT_NAME = "$(TARGET_NAME)";
				WRAPPER_EXTENSION = app;
			};
			name = Release;
		};
/* End XCBuildConfiguration section */

/* Begin XCConfigurationList section */
		EC76F56415A1EFD100EBDC76 /* Build configuration list for PBXProject "FSNDemo-iOS" */ = {
			isa = XCConfigurationList;
			buildConfigurations = (
				EC76F58615A1EFD100EBDC76 /* Debug */,
				EC76F58715A1EFD100EBDC76 /* Release */,
			);
			defaultConfigurationIsVisible = 0;
			defaultConfigurationName = Release;
		};
		EC76F58815A1EFD100EBDC76 /* Build configuration list for PBXNativeTarget "FSNDemo-iOS" */ = {
			isa = XCConfigurationList;
			buildConfigurations = (
				EC76F58915A1EFD100EBDC76 /* Debug */,
				EC76F58A15A1EFD100EBDC76 /* Release */,
			);
			defaultConfigurationIsVisible = 0;
			defaultConfigurationName = Release;
		};
/* End XCConfigurationList section */
	};
	rootObject = EC76F56115A1EFD100EBDC76 /* Project object */;
}
